
Microsoft Visual Studio Solution File, Format Version 12.00
# Visual Studio Version 17
VisualStudioVersion = 17.10.35122.118
MinimumVisualStudioVersion = 10.0.40219.1
Project("{FAE04EC0-301F-11D3-BF4B-00C04F79EFBC}") = "ServerManagement", "ServerManagement\ServerManagement.csproj", "{AD1BA9D5-0057-4825-BF93-EECEB68435C5}"
EndProject
Global
	GlobalSection(SolutionConfigurationPlatforms) = preSolution
		Debug|Any CPU = Debug|Any CPU
		Release|Any CPU = Release|Any CPU
	EndGlobalSection
	GlobalSection(ProjectConfigurationPlatforms) = postSolution
		{AD1BA9D5-0057-4825-BF93-EECEB68435C5}.Debug|Any CPU.ActiveCfg = Debug|Any CPU
		{AD1BA9D5-0057-4825-BF93-EECEB68435C5}.Debug|Any CPU.Build.0 = Debug|Any CPU
		{AD1BA9D5-0057-4825-BF93-EECEB68435C5}.Release|Any CPU.ActiveCfg = Release|Any CPU
		{AD1BA9D5-0057-4825-BF93-EECEB68435C5}.Release|Any CPU.Build.0 = Release|Any CPU
	EndGlobalSection
	GlobalSection(SolutionProperties) = preSolution
		HideSolutionNode = FALSE
	EndGlobalSection
	GlobalSection(ExtensibilityGlobals) = postSolution
		SolutionGuid = {A76B8174-E018-49CC-85BF-A0A9B2308BE4}
	EndGlobalSection
EndGlobal
